
Microsoft Visual Studio Solution File, Format Version 12.00
# Visual Studio Version 17
VisualStudioVersion = 17.5.33424.131
MinimumVisualStudioVersion = 10.0.40219.1
Project("{FAE04EC0-301F-11D3-BF4B-00C04F79EFBC}") = "Survey", "Survey.csproj", "{6B8CE2C2-150F-4F30-897B-46C997CF182E}"
EndProject
Global
	GlobalSection(SolutionConfigurationPlatforms) = preSolution
		Debug|Any CPU = Debug|Any CPU
		Release|Any CPU = Release|Any CPU
	EndGlobalSection
	GlobalSection(ProjectConfigurationPlatforms) = postSolution
		{6B8CE2C2-150F-4F30-897B-46C997CF182E}.Debug|Any CPU.ActiveCfg = Debug|Any CPU
		{6B8CE2C2-150F-4F30-897B-46C997CF182E}.Debug|Any CPU.Build.0 = Debug|Any CPU
		{6B8CE2C2-150F-4F30-897B-46C997CF182E}.Release|Any CPU.ActiveCfg = Release|Any CPU
		{6B8CE2C2-150F-4F30-897B-46C997CF182E}.Release|Any CPU.Build.0 = Release|Any CPU
	EndGlobalSection
	GlobalSection(SolutionProperties) = preSolution
		HideSolutionNode = FALSE
	EndGlobalSection
	GlobalSection(ExtensibilityGlobals) = postSolution
		SolutionGuid = {1750FAAF-83C8-4F3A-836A-E2F6ADECCC91}
	EndGlobalSection
EndGlobal
